// !$*UTF8*$!
{
	archiveVersion = 1;
	classes = {
	};
	objectVersion = 46;
	objects = {

/* Begin PBXBuildFile section */
		59B81BB01D056EC600EAC871 /* main.m in Sources */ = {isa = PBXBuildFile; fileRef = 59B81BAF1D056EC600EAC871 /* main.m */; };
		59B81BB31D056EC600EAC871 /* AppDelegate.m in Sources */ = {isa = PBXBuildFile; fileRef = 59B81BB21D056EC600EAC871 /* AppDelegate.m */; };
		59B81BB61D056EC600EAC871 /* ViewController.m in Sources */ = {isa = PBXBuildFile; fileRef = 59B81BB51D056EC600EAC871 /* ViewController.m */; };
		59B81BB91D056EC600EAC871 /* Main.storyboard in Resources */ = {isa = PBXBuildFile; fileRef = 59B81BB71D056EC600EAC871 /* Main.storyboard */; };
		59B81BBB1D056EC600EAC871 /* Assets.xcassets in Resources */ = {isa = PBXBuildFile; fileRef = 59B81BBA1D056EC600EAC871 /* Assets.xcassets */; };
		59B81BBE1D056EC600EAC871 /* LaunchScreen.storyboard in Resources */ = {isa = PBXBuildFile; fileRef = 59B81BBC1D056EC600EAC871 /* LaunchScreen.storyboard */; };
		59B81BC91D056EC600EAC871 /* MM_EarthRotationAnimationTests.m in Sources */ = {isa = PBXBuildFile; fileRef = 59B81BC81D056EC600EAC871 /* MM_EarthRotationAnimationTests.m */; };
		59B81BD41D056EC600EAC871 /* MM_EarthRotationAnimationUITests.m in Sources */ = {isa = PBXBuildFile; fileRef = 59B81BD31D056EC600EAC871 /* MM_EarthRotationAnimationUITests.m */; };
/* End PBXBuildFile section */

/* Begin PBXContainerItemProxy section */
		59B81BC51D056EC600EAC871 /* PBXContainerItemProxy */ = {
			isa = PBXContainerItemProxy;
			containerPortal = 59B81BA31D056EC600EAC871 /* Project object */;
			proxyType = 1;
			remoteGlobalIDString = 59B81BAA1D056EC600EAC871;
			remoteInfo = MM_EarthRotationAnimation;
		};
		59B81BD01D056EC600EAC871 /* PBXContainerItemProxy */ = {
			isa = PBXContainerItemProxy;
			containerPortal = 59B81BA31D056EC600EAC871 /* Project object */;
			proxyType = 1;
			remoteGlobalIDString = 59B81BAA1D056EC600EAC871;
			remoteInfo = MM_EarthRotationAnimation;
		};
/* End PBXContainerItemProxy section */

/* Begin PBXFileReference section */
		59B81BAB1D056EC600EAC871 /* MM_EarthRotationAnimation.app */ = {isa = PBXFileReference; explicitFileType = wrapper.application; includeInIndex = 0; path = MM_EarthRotationAnimation.app; sourceTree = BUILT_PRODUCTS_DIR; };
		59B81BAF1D056EC600EAC871 /* main.m */ = {isa = PBXFileReference; lastKnownFileType = sourcecode.c.objc; path = main.m; sourceTree = "<group>"; };
		59B81BB11D056EC600EAC871 /* AppDelegate.h */ = {isa = PBXFileReference; lastKnownFileType = sourcecode.c.h; path = AppDelegate.h; sourceTree = "<group>"; };
		59B81BB21D056EC600EAC871 /* AppDelegate.m */ = {isa = PBXFileReference; lastKnownFileType = sourcecode.c.objc; path = AppDelegate.m; sourceTree = "<group>"; };
		59B81BB41D056EC600EAC871 /* ViewController.h */ = {isa = PBXFileReference; lastKnownFileType = sourcecode.c.h; path = ViewController.h; sourceTree = "<group>"; };
		59B81BB51D056EC600EAC871 /* ViewController.m */ = {isa = PBXFileReference; lastKnownFileType = sourcecode.c.objc; path = ViewController.m; sourceTree = "<group>"; };
		59B81BB81D056EC600EAC871 /* Base */ = {isa = PBXFileReference; lastKnownFileType = file.storyboard; name = Base; path = Base.lproj/Main.storyboard; sourceTree = "<group>"; };
		59B81BBA1D056EC600EAC871 /* Assets.xcassets */ = {isa = PBXFileReference; lastKnownFileType = folder.assetcatalog; path = Assets.xcassets; sourceTree = "<group>"; };
		59B81BBD1D056EC600EAC871 /* Base */ = {isa = PBXFileReference; lastKnownFileType = file.storyboard; name = Base; path = Base.lproj/LaunchScreen.storyboard; sourceTree = "<group>"; };
		59B81BBF1D056EC600EAC871 /* Info.plist */ = {isa = PBXFileReference; lastKnownFileType = text.plist.xml; path = Info.plist; sourceTree = "<group>"; };
		59B81BC41D056EC600EAC871 /* MM_EarthRotationAnimationTests.xctest */ = {isa = PBXFileReference; explicitFileType = wrapper.cfbundle; includeInIndex = 0; path = MM_EarthRotationAnimationTests.xctest; sourceTree = BUILT_PRODUCTS_DIR; };
		59B81BC81D056EC600EAC871 /* MM_EarthRotationAnimationTests.m */ = {isa = PBXFileReference; lastKnownFileType = sourcecode.c.objc; path = MM_EarthRotationAnimationTests.m; sourceTree = "<group>"; };
		59B81BCA1D056EC600EAC871 /* Info.plist */ = {isa = PBXFileReference; lastKnownFileType = text.plist.xml; path = Info.plist; sourceTree = "<group>"; };
		59B81BCF1D056EC600EAC871 /* MM_EarthRotationAnimationUITests.xctest */ = {isa = PBXFileReference; explicitFileType = wrapper.cfbundle; includeInIndex = 0; path = MM_EarthRotationAnimationUITests.xctest; sourceTree = BUILT_PRODUCTS_DIR; };
		59B81BD31D056EC600EAC871 /* MM_EarthRotationAnimationUITests.m */ = {isa = PBXFileReference; lastKnownFileType = sourcecode.c.objc; path = MM_EarthRotationAnimationUITests.m; sourceTree = "<group>"; };
		59B81BD51D056EC600EAC871 /* Info.plist */ = {isa = PBXFileReference; lastKnownFileType = text.plist.xml; path = Info.plist; sourceTree = "<group>"; };
/* End PBXFileReference section */

/* Begin PBXFrameworksBuildPhase section */
		59B81BA81D056EC600EAC871 /* Frameworks */ = {
			isa = PBXFrameworksBuildPhase;
			buildActionMask = 2147483647;
			files = (
			);
			runOnlyForDeploymentPostprocessing = 0;
		};
		59B81BC11D056EC600EAC871 /* Frameworks */ = {
			isa = PBXFrameworksBuildPhase;
			buildActionMask = 2147483647;
			files = (
			);
			runOnlyForDeploymentPostprocessing = 0;
		};
		59B81BCC1D056EC600EAC871 /* Frameworks */ = {
			isa = PBXFrameworksBuildPhase;
			buildActionMask = 2147483647;
			files = (
			);
			runOnlyForDeploymentPostprocessing = 0;
		};
/* End PBXFrameworksBuildPhase section */

/* Begin PBXGroup section */
		59B81BA21D056EC600EAC871 = {
			isa = PBXGroup;
			children = (
				59B81BAD1D056EC600EAC871 /* MM_EarthRotationAnimation */,
				59B81BC71D056EC600EAC871 /* MM_EarthRotationAnimationTests */,
				59B81BD21D056EC600EAC871 /* MM_EarthRotationAnimationUITests */,
				59B81BAC1D056EC600EAC871 /* Products */,
			);
			sourceTree = "<group>";
		};
		59B81BAC1D056EC600EAC871 /* Products */ = {
			isa = PBXGroup;
			children = (
				59B81BAB1D056EC600EAC871 /* MM_EarthRotationAnimation.app */,
				59B81BC41D056EC600EAC871 /* MM_EarthRotationAnimationTests.xctest */,
				59B81BCF1D056EC600EAC871 /* MM_EarthRotationAnimationUITests.xctest */,
			);
			name = Products;
			sourceTree = "<group>";
		};
		59B81BAD1D056EC600EAC871 /* MM_EarthRotationAnimation */ = {
			isa = PBXGroup;
			children = (
				59B81BB11D056EC600EAC871 /* AppDelegate.h */,
				59B81BB21D056EC600EAC871 /* AppDelegate.m */,
				59B81BB41D056EC600EAC871 /* ViewController.h */,
				59B81BB51D056EC600EAC871 /* ViewController.m */,
				59B81BB71D056EC600EAC871 /* Main.storyboard */,
				59B81BBA1D056EC600EAC871 /* Assets.xcassets */,
				59B81BBC1D056EC600EAC871 /* LaunchScreen.storyboard */,
				59B81BBF1D056EC600EAC871 /* Info.plist */,
				59B81BAE1D056EC600EAC871 /* Supporting Files */,
			);
			path = MM_EarthRotationAnimation;
			sourceTree = "<group>";
		};
		59B81BAE1D056EC600EAC871 /* Supporting Files */ = {
			isa = PBXGroup;
			children = (
				59B81BAF1D056EC600EAC871 /* main.m */,
			);
			name = "Supporting Files";
			sourceTree = "<group>";
		};
		59B81BC71D056EC600EAC871 /* MM_EarthRotationAnimationTests */ = {
			isa = PBXGroup;
			children = (
				59B81BC81D056EC600EAC871 /* MM_EarthRotationAnimationTests.m */,
				59B81BCA1D056EC600EAC871 /* Info.plist */,
			);
			path = MM_EarthRotationAnimationTests;
			sourceTree = "<group>";
		};
		59B81BD21D056EC600EAC871 /* MM_EarthRotationAnimationUITests */ = {
			isa = PBXGroup;
			children = (
				59B81BD31D056EC600EAC871 /* MM_EarthRotationAnimationUITests.m */,
				59B81BD51D056EC600EAC871 /* Info.plist */,
			);
			path = MM_EarthRotationAnimationUITests;
			sourceTree = "<group>";
		};
/* End PBXGroup section */

/* Begin PBXNativeTarget section */
		59B81BAA1D056EC600EAC871 /* MM_EarthRotationAnimation */ = {
			isa = PBXNativeTarget;
			buildConfigurationList = 59B81BD81D056EC600EAC871 /* Build configuration list for PBXNativeTarget "MM_EarthRotationAnimation" */;
			buildPhases = (
				59B81BA71D056EC600EAC871 /* Sources */,
				59B81BA81D056EC600EAC871 /* Frameworks */,
				59B81BA91D056EC600EAC871 /* Resources */,
			);
			buildRules = (
			);
			dependencies = (
			);
			name = MM_EarthRotationAnimation;
			productName = MM_EarthRotationAnimation;
			productReference = 59B81BAB1D056EC600EAC871 /* MM_EarthRotationAnimation.app */;
			productType = "com.apple.product-type.application";
		};
		59B81BC31D056EC600EAC871 /* MM_EarthRotationAnimationTests */ = {
			isa = PBXNativeTarget;
			buildConfigurationList = 59B81BDB1D056EC600EAC871 /* Build configuration list for PBXNativeTarget "MM_EarthRotationAnimationTests" */;
			buildPhases = (
				59B81BC01D056EC600EAC871 /* Sources */,
				59B81BC11D056EC600EAC871 /* Frameworks */,
				59B81BC21D056EC600EAC871 /* Resources */,
			);
			buildRules = (
			);
			dependencies = (
				59B81BC61D056EC600EAC871 /* PBXTargetDependency */,
			);
			name = MM_EarthRotationAnimationTests;
			productName = MM_EarthRotationAnimationTests;
			productReference = 59B81BC41D056EC600EAC871 /* MM_EarthRotationAnimationTests.xctest */;
			productType = "com.apple.product-type.bundle.unit-test";
		};
		59B81BCE1D056EC600EAC871 /* MM_EarthRotationAnimationUITests */ = {
			isa = PBXNativeTarget;
			buildConfigurationList = 59B81BDE1D056EC600EAC871 /* Build configuration list for PBXNativeTarget "MM_EarthRotationAnimationUITests" */;
			buildPhases = (
				59B81BCB1D056EC600EAC871 /* Sources */,
				59B81BCC1D056EC600EAC871 /* Frameworks */,
				59B81BCD1D056EC600EAC871 /* Resources */,
			);
			buildRules = (
			);
			dependencies = (
				59B81BD11D056EC600EAC871 /* PBXTargetDependency */,
			);
			name = MM_EarthRotationAnimationUITests;
			productName = MM_EarthRotationAnimationUITests;
			productReference = 59B81BCF1D056EC600EAC871 /* MM_EarthRotationAnimationUITests.xctest */;
			productType = "com.apple.product-type.bundle.ui-testing";
		};
/* End PBXNativeTarget section */

/* Begin PBXProject section */
		59B81BA31D056EC600EAC871 /* Project object */ = {
			isa = PBXProject;
			attributes = {
				LastUpgradeCheck = 0730;
				ORGANIZATIONNAME = Mortimey;
				TargetAttributes = {
					59B81BAA1D056EC600EAC871 = {
						CreatedOnToolsVersion = 7.3;
					};
					59B81BC31D056EC600EAC871 = {
						CreatedOnToolsVersion = 7.3;
						TestTargetID = 59B81BAA1D056EC600EAC871;
					};
					59B81BCE1D056EC600EAC871 = {
						CreatedOnToolsVersion = 7.3;
						TestTargetID = 59B81BAA1D056EC600EAC871;
					};
				};
			};
			buildConfigurationList = 59B81BA61D056EC600EAC871 /* Build configuration list for PBXProject "MM_EarthRotationAnimation" */;
			compatibilityVersion = "Xcode 3.2";
			developmentRegion = English;
			hasScannedForEncodings = 0;
			knownRegions = (
				en,
				Base,
			);
			mainGroup = 59B81BA21D056EC600EAC871;
			productRefGroup = 59B81BAC1D056EC600EAC871 /* Products */;
			projectDirPath = "";
			projectRoot = "";
			targets = (
				59B81BAA1D056EC600EAC871 /* MM_EarthRotationAnimation */,
				59B81BC31D056EC600EAC871 /* MM_EarthRotationAnimationTests */,
				59B81BCE1D056EC600EAC871 /* MM_EarthRotationAnimationUITests */,
			);
		};
/* End PBXProject section */

/* Begin PBXResourcesBuildPhase section */
		59B81BA91D056EC600EAC871 /* Resources */ = {
			isa = PBXResourcesBuildPhase;
			buildActionMask = 2147483647;
			files = (
				59B81BBE1D056EC600EAC871 /* LaunchScreen.storyboard in Resources */,
				59B81BBB1D056EC600EAC871 /* Assets.xcassets in Resources */,
				59B81BB91D056EC600EAC871 /* Main.storyboard in Resources */,
			);
			runOnlyForDeploymentPostprocessing = 0;
		};
		59B81BC21D056EC600EAC871 /* Resources */ = {
			isa = PBXResourcesBuildPhase;
			buildActionMask = 2147483647;
			files = (
			);
			runOnlyForDeploymentPostprocessing = 0;
		};
		59B81BCD1D056EC600EAC871 /* Resources */ = {
			isa = PBXResourcesBuildPhase;
			buildActionMask = 2147483647;
			files = (
			);
			runOnlyForDeploymentPostprocessing = 0;
		};
/* End PBXResourcesBuildPhase section */

/* Begin PBXSourcesBuildPhase section */
		59B81BA71D056EC600EAC871 /* Sources */ = {
			isa = PBXSourcesBuildPhase;
			buildActionMask = 2147483647;
			files = (
				59B81BB61D056EC600EAC871 /* ViewController.m in Sources */,
				59B81BB31D056EC600EAC871 /* AppDelegate.m in Sources */,
				59B81BB01D056EC600EAC871 /* main.m in Sources */,
			);
			runOnlyForDeploymentPostprocessing = 0;
		};
		59B81BC01D056EC600EAC871 /* Sources */ = {
			isa = PBXSourcesBuildPhase;
			buildActionMask = 2147483647;
			files = (
				59B81BC91D056EC600EAC871 /* MM_EarthRotationAnimationTests.m in Sources */,
			);
			runOnlyForDeploymentPostprocessing = 0;
		};
		59B81BCB1D056EC600EAC871 /* Sources */ = {
			isa = PBXSourcesBuildPhase;
			buildActionMask = 2147483647;
			files = (
				59B81BD41D056EC600EAC871 /* MM_EarthRotationAnimationUITests.m in Sources */,
			);
			runOnlyForDeploymentPostprocessing = 0;
		};
/* End PBXSourcesBuildPhase section */

/* Begin PBXTargetDependency section */
		59B81BC61D056EC600EAC871 /* PBXTargetDependency */ = {
			isa = PBXTargetDependency;
			target = 59B81BAA1D056EC600EAC871 /* MM_EarthRotationAnimation */;
			targetProxy = 59B81BC51D056EC600EAC871 /* PBXContainerItemProxy */;
		};
		59B81BD11D056EC600EAC871 /* PBXTargetDependency */ = {
			isa = PBXTargetDependency;
			target = 59B81BAA1D056EC600EAC871 /* MM_EarthRotationAnimation */;
			targetProxy = 59B81BD01D056EC600EAC871 /* PBXContainerItemProxy */;
		};
/* End PBXTargetDependency section */

/* Begin PBXVariantGroup section */
		59B81BB71D056EC600EAC871 /* Main.storyboard */ = {
			isa = PBXVariantGroup;
			children = (
				59B81BB81D056EC600EAC871 /* Base */,
			);
			name = Main.storyboard;
			sourceTree = "<group>";
		};
		59B81BBC1D056EC600EAC871 /* LaunchScreen.storyboard */ = {
			isa = PBXVariantGroup;
			children = (
				59B81BBD1D056EC600EAC871 /* Base */,
			);
			name = LaunchScreen.storyboard;
			sourceTree = "<group>";
		};
/* End PBXVariantGroup section */

/* Begin XCBuildConfiguration section */
		59B81BD61D056EC600EAC871 /* Debug */ = {
			isa = XCBuildConfiguration;
			buildSettings = {
				ALWAYS_SEARCH_USER_PATHS = NO;
				CLANG_ANALYZER_NONNULL = YES;
				CLANG_CXX_LANGUAGE_STANDARD = "gnu++0x";
				CLANG_CXX_LIBRARY = "libc++";
				CLANG_ENABLE_MODULES = YES;
				CLANG_ENABLE_OBJC_ARC = YES;
				CLANG_WARN_BOOL_CONVERSION = YES;
				CLANG_WARN_CONSTANT_CONVERSION = YES;
				CLANG_WARN_DIRECT_OBJC_ISA_USAGE = YES_ERROR;
				CLANG_WARN_EMPTY_BODY = YES;
				CLANG_WARN_ENUM_CONVERSION = YES;
				CLANG_WARN_INT_CONVERSION = YES;
				CLANG_WARN_OBJC_ROOT_CLASS = YES_ERROR;
				CLANG_WARN_UNREACHABLE_CODE = YES;
				CLANG_WARN__DUPLICATE_METHOD_MATCH = YES;
				"CODE_SIGN_IDENTITY[sdk=iphoneos*]" = "iPhone Developer";
				COPY_PHASE_STRIP = NO;
				DEBUG_INFORMATION_FORMAT = dwarf;
				ENABLE_STRICT_OBJC_MSGSEND = YES;
				ENABLE_TESTABILITY = YES;
				GCC_C_LANGUAGE_STANDARD = gnu99;
				GCC_DYNAMIC_NO_PIC = NO;
				GCC_NO_COMMON_BLOCKS = YES;
				GCC_OPTIMIZATION_LEVEL = 0;
				GCC_PREPROCESSOR_DEFINITIONS = (
					"DEBUG=1",
					"$(inherited)",
				);
				GCC_WARN_64_TO_32_BIT_CONVERSION = YES;
				GCC_WARN_ABOUT_RETURN_TYPE = YES_ERROR;
				GCC_WARN_UNDECLARED_SELECTOR = YES;
				GCC_WARN_UNINITIALIZED_AUTOS = YES_AGGRESSIVE;
				GCC_WARN_UNUSED_FUNCTION = YES;
				GCC_WARN_UNUSED_VARIABLE = YES;
				IPHONEOS_DEPLOYMENT_TARGET = 9.3;
				MTL_ENABLE_DEBUG_INFO = YES;
				ONLY_ACTIVE_ARCH = YES;
				SDKROOT = iphoneos;
				TARGETED_DEVICE_FAMILY = "1,2";
			};
			name = Debug;
		};
		59B81BD71D056EC600EAC871 /* Release */ = {
			isa = XCBuildConfiguration;
			buildSettings = {
				ALWAYS_SEARCH_USER_PATHS = NO;
				CLANG_ANALYZER_NONNULL = YES;
				CLANG_CXX_LANGUAGE_STANDARD = "gnu++0x";
				CLANG_CXX_LIBRARY = "libc++";
				CLANG_ENABLE_MODULES = YES;
				CLANG_ENABLE_OBJC_ARC = YES;
				CLANG_WARN_BOOL_CONVERSION = YES;
				CLANG_WARN_CONSTANT_CONVERSION = YES;
				CLANG_WARN_DIRECT_OBJC_ISA_USAGE = YES_ERROR;
				CLANG_WARN_EMPTY_BODY = YES;
				CLANG_WARN_ENUM_CONVERSION = YES;
				CLANG_WARN_INT_CONVERSION = YES;
				CLANG_WARN_OBJC_ROOT_CLASS = YES_ERROR;
				CLANG_WARN_UNREACHABLE_CODE = YES;
				CLANG_WARN__DUPLICATE_METHOD_MATCH = YES;
				"CODE_SIGN_IDENTITY[sdk=iphoneos*]" = "iPhone Developer";
				COPY_PHASE_STRIP = NO;
				DEBUG_INFORMATION_FORMAT = "dwarf-with-dsym";
				ENABLE_NS_ASSERTIONS = NO;
				ENABLE_STRICT_OBJC_MSGSEND = YES;
				GCC_C_LANGUAGE_STANDARD = gnu99;
				GCC_NO_COMMON_BLOCKS = YES;
				GCC_WARN_64_TO_32_BIT_CONVERSION = YES;
				GCC_WARN_ABOUT_RETURN_TYPE = YES_ERROR;
				GCC_WARN_UNDECLARED_SELECTOR = YES;
				GCC_WARN_UNINITIALIZED_AUTOS = YES_AGGRESSIVE;
				GCC_WARN_UNUSED_FUNCTION = YES;
				GCC_WARN_UNUSED_VARIABLE = YES;
				IPHONEOS_DEPLOYMENT_TARGET = 9.3;
				MTL_ENABLE_DEBUG_INFO = NO;
				SDKROOT = iphoneos;
				TARGETED_DEVICE_FAMILY = "1,2";
				VALIDATE_PRODUCT = YES;
			};
			name = Release;
		};
		59B81BD91D056EC600EAC871 /* Debug */ = {
			isa = XCBuildConfiguration;
			buildSettings = {
				ASSETCATALOG_COMPILER_APPICON_NAME = AppIcon;
				INFOPLIST_FILE = MM_EarthRotationAnimation/Info.plist;
				LD_RUNPATH_SEARCH_PATHS = "$(inherited) @executable_path/Frameworks";
				PRODUCT_BUNDLE_IDENTIFIER = "com.Mortimey.MM-EarthRotationAnimation";
				PRODUCT_NAME = "$(TARGET_NAME)";
			};
			name = Debug;
		};
		59B81BDA1D056EC600EAC871 /* Release */ = {
			isa = XCBuildConfiguration;
			buildSettings = {
				ASSETCATALOG_COMPILER_APPICON_NAME = AppIcon;
				INFOPLIST_FILE = MM_EarthRotationAnimation/Info.plist;
				LD_RUNPATH_SEARCH_PATHS = "$(inherited) @executable_path/Frameworks";
				PRODUCT_BUNDLE_IDENTIFIER = "com.Mortimey.MM-EarthRotationAnimation";
				PRODUCT_NAME = "$(TARGET_NAME)";
			};
			name = Release;
		};
		59B81BDC1D056EC600EAC871 /* Debug */ = {
			isa = XCBuildConfiguration;
			buildSettings = {
				BUNDLE_LOADER = "$(TEST_HOST)";
				INFOPLIST_FILE = MM_EarthRotationAnimationTests/Info.plist;
				LD_RUNPATH_SEARCH_PATHS = "$(inherited) @executable_path/Frameworks @loader_path/Frameworks";
				PRODUCT_BUNDLE_IDENTIFIER = "com.Mortimey.MM-EarthRotationAnimationTests";
				PRODUCT_NAME = "$(TARGET_NAME)";
				TEST_HOST = "$(BUILT_PRODUCTS_DIR)/MM_EarthRotationAnimation.app/MM_EarthRotationAnimation";
			};
			name = Debug;
		};
		59B81BDD1D056EC600EAC871 /* Release */ = {
			isa = XCBuildConfiguration;
			buildSettings = {
				BUNDLE_LOADER = "$(TEST_HOST)";
				INFOPLIST_FILE = MM_EarthRotationAnimationTests/Info.plist;
				LD_RUNPATH_SEARCH_PATHS = "$(inherited) @executable_path/Frameworks @loader_path/Frameworks";
				PRODUCT_BUNDLE_IDENTIFIER = "com.Mortimey.MM-EarthRotationAnimationTests";
				PRODUCT_NAME = "$(TARGET_NAME)";
				TEST_HOST = "$(BUILT_PRODUCTS_DIR)/MM_EarthRotationAnimation.app/MM_EarthRotationAnimation";
			};
			name = Release;
		};
		59B81BDF1D056EC600EAC871 /* Debug */ = {
			isa = XCBuildConfiguration;
			buildSettings = {
				INFOPLIST_FILE = MM_EarthRotationAnimationUITests/Info.plist;
				LD_RUNPATH_SEARCH_PATHS = "$(inherited) @executable_path/Frameworks @loader_path/Frameworks";
				PRODUCT_BUNDLE_IDENTIFIER = "com.Mortimey.MM-EarthRotationAnimationUITests";
				PRODUCT_NAME = "$(TARGET_NAME)";
				TEST_TARGET_NAME = MM_EarthRotationAnimation;
			};
			name = Debug;
		};
		59B81BE01D056EC600EAC871 /* Release */ = {
			isa = XCBuildConfiguration;
			buildSettings = {
				INFOPLIST_FILE = MM_EarthRotationAnimationUITests/Info.plist;
				LD_RUNPATH_SEARCH_PATHS = "$(inherited) @executable_path/Frameworks @loader_path/Frameworks";
				PRODUCT_BUNDLE_IDENTIFIER = "com.Mortimey.MM-EarthRotationAnimationUITests";
				PRODUCT_NAME = "$(TARGET_NAME)";
				TEST_TARGET_NAME = MM_EarthRotationAnimation;
			};
			name = Release;
		};
/* End XCBuildConfiguration section */

/* Begin XCConfigurationList section */
		59B81BA61D056EC600EAC871 /* Build configuration list for PBXProject "MM_EarthRotationAnimation" */ = {
			isa = XCConfigurationList;
			buildConfigurations = (
				59B81BD61D056EC600EAC871 /* Debug */,
				59B81BD71D056EC600EAC871 /* Release */,
			);
			defaultConfigurationIsVisible = 0;
			defaultConfigurationName = Release;
		};
		59B81BD81D056EC600EAC871 /* Build configuration list for PBXNativeTarget "MM_EarthRotationAnimation" */ = {
			isa = XCConfigurationList;
			buildConfigurations = (
				59B81BD91D056EC600EAC871 /* Debug */,
				59B81BDA1D056EC600EAC871 /* Release */,
			);
			defaultConfigurationIsVisible = 0;
		};
		59B81BDB1D056EC600EAC871 /* Build configuration list for PBXNativeTarget "MM_EarthRotationAnimationTests" */ = {
			isa = XCConfigurationList;
			buildConfigurations = (
				59B81BDC1D056EC600EAC871 /* Debug */,
				59B81BDD1D056EC600EAC871 /* Release */,
			);
			defaultConfigurationIsVisible = 0;
		};
		59B81BDE1D056EC600EAC871 /* Build configuration list for PBXNativeTarget "MM_EarthRotationAnimationUITests" */ = {
			isa = XCConfigurationList;
			buildConfigurations = (
				59B81BDF1D056EC600EAC871 /* Debug */,
				59B81BE01D056EC600EAC871 /* Release */,
			);
			defaultConfigurationIsVisible = 0;
		};
/* End XCConfigurationList section */
	};
	rootObject = 59B81BA31D056EC600EAC871 /* Project object */;
}
